// !$*UTF8*$!
{
	archiveVersion = 1;
	classes = {
	};
	objectVersion = 51;
	objects = {

/* Begin PBXBuildFile section */
		77637C372635F0E0009ECF05 /* AppDelegate.swift in Sources */ = {isa = PBXBuildFile; fileRef = 77637C362635F0E0009ECF05 /* AppDelegate.swift */; };
		77637C402635F0E4009ECF05 /* Assets.xcassets in Resources */ = {isa = PBXBuildFile; fileRef = 77637C3F2635F0E4009ECF05 /* Assets.xcassets */; };
		77637C432635F0E4009ECF05 /* LaunchScreen.storyboard in Resources */ = {isa = PBXBuildFile; fileRef = 77637C412635F0E4009ECF05 /* LaunchScreen.storyboard */; };
		77637C592635FB8C009ECF05 /* UIView+Extensions.swift in Sources */ = {isa = PBXBuildFile; fileRef = 77637C582635FB8C009ECF05 /* UIView+Extensions.swift */; };
		77637C5B2635FBC6009ECF05 /* APIStatusCodes.swift in Sources */ = {isa = PBXBuildFile; fileRef = 77637C5A2635FBC6009ECF05 /* APIStatusCodes.swift */; };
		77637C5D2635FBD6009ECF05 /* APIErrors.swift in Sources */ = {isa = PBXBuildFile; fileRef = 77637C5C2635FBD6009ECF05 /* APIErrors.swift */; };
		77637C5F2635FBEE009ECF05 /* AlertUtil.swift in Sources */ = {isa = PBXBuildFile; fileRef = 77637C5E2635FBEE009ECF05 /* AlertUtil.swift */; };
		77637C612635FC04009ECF05 /* UserDefaultsUtil.swift in Sources */ = {isa = PBXBuildFile; fileRef = 77637C602635FC04009ECF05 /* UserDefaultsUtil.swift */; };
		77637C632635FC1C009ECF05 /* APIErrorGenerator.swift in Sources */ = {isa = PBXBuildFile; fileRef = 77637C622635FC1C009ECF05 /* APIErrorGenerator.swift */; };
		77637C652635FC3D009ECF05 /* DefaultUtil.swift in Sources */ = {isa = PBXBuildFile; fileRef = 77637C642635FC3D009ECF05 /* DefaultUtil.swift */; };
		77637C672635FC5C009ECF05 /* Services.swift in Sources */ = {isa = PBXBuildFile; fileRef = 77637C662635FC5C009ECF05 /* Services.swift */; };
		77637C6A2635FCA5009ECF05 /* BaseModel.swift in Sources */ = {isa = PBXBuildFile; fileRef = 77637C692635FCA5009ECF05 /* BaseModel.swift */; };
		77637C6C2635FCB5009ECF05 /* Routerable.swift in Sources */ = {isa = PBXBuildFile; fileRef = 77637C6B2635FCB5009ECF05 /* Routerable.swift */; };
		77637C6E2635FCDB009ECF05 /* Interactorable.swift in Sources */ = {isa = PBXBuildFile; fileRef = 77637C6D2635FCDB009ECF05 /* Interactorable.swift */; };
		77637C702635FCEE009ECF05 /* Presenterable.swift in Sources */ = {isa = PBXBuildFile; fileRef = 77637C6F2635FCEE009ECF05 /* Presenterable.swift */; };
		77637C722635FD02009ECF05 /* Viewable.swift in Sources */ = {isa = PBXBuildFile; fileRef = 77637C712635FD02009ECF05 /* Viewable.swift */; };
		77637C742635FD1D009ECF05 /* BaseModelError.swift in Sources */ = {isa = PBXBuildFile; fileRef = 77637C732635FD1D009ECF05 /* BaseModelError.swift */; };
		77637C762635FD34009ECF05 /* BaseInteractor.swift in Sources */ = {isa = PBXBuildFile; fileRef = 77637C752635FD34009ECF05 /* BaseInteractor.swift */; };
		77637C782635FD79009ECF05 /* SplashViewController.swift in Sources */ = {isa = PBXBuildFile; fileRef = 77637C772635FD79009ECF05 /* SplashViewController.swift */; };
		77637C7A2635FE4B009ECF05 /* SplashPresenter.swift in Sources */ = {isa = PBXBuildFile; fileRef = 77637C792635FE4B009ECF05 /* SplashPresenter.swift */; };
		77637C7C2635FECF009ECF05 /* SplashInteractor.swift in Sources */ = {isa = PBXBuildFile; fileRef = 77637C7B2635FECF009ECF05 /* SplashInteractor.swift */; };
		77637C7E2635FF04009ECF05 /* SplashEntities.swift in Sources */ = {isa = PBXBuildFile; fileRef = 77637C7D2635FF04009ECF05 /* SplashEntities.swift */; };
		77637C802635FF21009ECF05 /* SplashRouter.swift in Sources */ = {isa = PBXBuildFile; fileRef = 77637C7F2635FF21009ECF05 /* SplashRouter.swift */; };
		77637C822636C041009ECF05 /* RocketsResponseModel.swift in Sources */ = {isa = PBXBuildFile; fileRef = 77637C812636C041009ECF05 /* RocketsResponseModel.swift */; };
		77637C852636C28A009ECF05 /* Localizable.strings in Resources */ = {isa = PBXBuildFile; fileRef = 77637C872636C28A009ECF05 /* Localizable.strings */; };
		77637C8B2636C3F8009ECF05 /* HomeViewController.swift in Sources */ = {isa = PBXBuildFile; fileRef = 77637C8A2636C3F8009ECF05 /* HomeViewController.swift */; };
		77637C8D2636C401009ECF05 /* HomePresenter.swift in Sources */ = {isa = PBXBuildFile; fileRef = 77637C8C2636C401009ECF05 /* HomePresenter.swift */; };
		77637C8F2636C40B009ECF05 /* HomeInteractor.swift in Sources */ = {isa = PBXBuildFile; fileRef = 77637C8E2636C40B009ECF05 /* HomeInteractor.swift */; };
		77637C912636C418009ECF05 /* HomeEntities.swift in Sources */ = {isa = PBXBuildFile; fileRef = 77637C902636C418009ECF05 /* HomeEntities.swift */; };
		77637C932636C421009ECF05 /* HomeRouter.swift in Sources */ = {isa = PBXBuildFile; fileRef = 77637C922636C421009ECF05 /* HomeRouter.swift */; };
		77637C962636C594009ECF05 /* RootRouter.swift in Sources */ = {isa = PBXBuildFile; fileRef = 77637C952636C594009ECF05 /* RootRouter.swift */; };
		77637C9A2636CADB009ECF05 /* UpcomingsViewController.swift in Sources */ = {isa = PBXBuildFile; fileRef = 77637C992636CADB009ECF05 /* UpcomingsViewController.swift */; };
		77637C9C2636CAE5009ECF05 /* UpcomingsPresenter.swift in Sources */ = {isa = PBXBuildFile; fileRef = 77637C9B2636CAE5009ECF05 /* UpcomingsPresenter.swift */; };
		77637C9E2636CAEF009ECF05 /* UpcomingsInteractor.swift in Sources */ = {isa = PBXBuildFile; fileRef = 77637C9D2636CAEF009ECF05 /* UpcomingsInteractor.swift */; };
		77637CA02636CAF9009ECF05 /* UpcomingsEntities.swift in Sources */ = {isa = PBXBuildFile; fileRef = 77637C9F2636CAF9009ECF05 /* UpcomingsEntities.swift */; };
		77637CA22636CB02009ECF05 /* UpcomingsRouter.swift in Sources */ = {isa = PBXBuildFile; fileRef = 77637CA12636CB02009ECF05 /* UpcomingsRouter.swift */; };
		77637CA42636CB10009ECF05 /* FavoritesViewController.swift in Sources */ = {isa = PBXBuildFile; fileRef = 77637CA32636CB10009ECF05 /* FavoritesViewController.swift */; };
		77637CA62636CB1A009ECF05 /* FavoritesPresenter.swift in Sources */ = {isa = PBXBuildFile; fileRef = 77637CA52636CB1A009ECF05 /* FavoritesPresenter.swift */; };
		77637CA82636CB24009ECF05 /* FavoritesInteractor.swift in Sources */ = {isa = PBXBuildFile; fileRef = 77637CA72636CB24009ECF05 /* FavoritesInteractor.swift */; };
		77637CAA2636CB30009ECF05 /* FavoritesEntities.swift in Sources */ = {isa = PBXBuildFile; fileRef = 77637CA92636CB30009ECF05 /* FavoritesEntities.swift */; };
		77637CAC2636CB3C009ECF05 /* FavoritesRouter.swift in Sources */ = {isa = PBXBuildFile; fileRef = 77637CAB2636CB3C009ECF05 /* FavoritesRouter.swift */; };
		77637CB12636CFCB009ECF05 /* BasePresenter.swift in Sources */ = {isa = PBXBuildFile; fileRef = 77637CB02636CFCB009ECF05 /* BasePresenter.swift */; };
		77637CB42636EC0F009ECF05 /* CustomTabBarController.swift in Sources */ = {isa = PBXBuildFile; fileRef = 77637CB32636EC0F009ECF05 /* CustomTabBarController.swift */; };
		77637CC526375338009ECF05 /* NextLaunchResponse.swift in Sources */ = {isa = PBXBuildFile; fileRef = 77637CC426375338009ECF05 /* NextLaunchResponse.swift */; };
		F245D45E4F1D090EA3618AE4 /* Pods_SpaceX_Fan.framework in Frameworks */ = {isa = PBXBuildFile; fileRef = B4727B3EC1B19DFD4FF9F710 /* Pods_SpaceX_Fan.framework */; };
/* End PBXBuildFile section */

/* Begin PBXFileReference section */
		42A1E47C03981721F94BDB4C /* Pods-SpaceX Fan.release.xcconfig */ = {isa = PBXFileReference; includeInIndex = 1; lastKnownFileType = text.xcconfig; name = "Pods-SpaceX Fan.release.xcconfig"; path = "Target Support Files/Pods-SpaceX Fan/Pods-SpaceX Fan.release.xcconfig"; sourceTree = "<group>"; };
		77637C332635F0E0009ECF05 /* SpaceX Fan.app */ = {isa = PBXFileReference; explicitFileType = wrapper.application; includeInIndex = 0; path = "SpaceX Fan.app"; sourceTree = BUILT_PRODUCTS_DIR; };
		77637C362635F0E0009ECF05 /* AppDelegate.swift */ = {isa = PBXFileReference; lastKnownFileType = sourcecode.swift; path = AppDelegate.swift; sourceTree = "<group>"; };
		77637C3F2635F0E4009ECF05 /* Assets.xcassets */ = {isa = PBXFileReference; lastKnownFileType = folder.assetcatalog; path = Assets.xcassets; sourceTree = "<group>"; };
		77637C422635F0E4009ECF05 /* Base */ = {isa = PBXFileReference; lastKnownFileType = file.storyboard; name = Base; path = Base.lproj/LaunchScreen.storyboard; sourceTree = "<group>"; };
		77637C442635F0E4009ECF05 /* Info.plist */ = {isa = PBXFileReference; lastKnownFileType = text.plist.xml; path = Info.plist; sourceTree = "<group>"; };
		77637C582635FB8C009ECF05 /* UIView+Extensions.swift */ = {isa = PBXFileReference; lastKnownFileType = sourcecode.swift; path = "UIView+Extensions.swift"; sourceTree = "<group>"; };
		77637C5A2635FBC6009ECF05 /* APIStatusCodes.swift */ = {isa = PBXFileReference; lastKnownFileType = sourcecode.swift; path = APIStatusCodes.swift; sourceTree = "<group>"; };
		77637C5C2635FBD6009ECF05 /* APIErrors.swift */ = {isa = PBXFileReference; lastKnownFileType = sourcecode.swift; path = APIErrors.swift; sourceTree = "<group>"; };
		77637C5E2635FBEE009ECF05 /* AlertUtil.swift */ = {isa = PBXFileReference; lastKnownFileType = sourcecode.swift; path = AlertUtil.swift; sourceTree = "<group>"; };
		77637C602635FC04009ECF05 /* UserDefaultsUtil.swift */ = {isa = PBXFileReference; lastKnownFileType = sourcecode.swift; path = UserDefaultsUtil.swift; sourceTree = "<group>"; };
		77637C622635FC1C009ECF05 /* APIErrorGenerator.swift */ = {isa = PBXFileReference; lastKnownFileType = sourcecode.swift; path = APIErrorGenerator.swift; sourceTree = "<group>"; };
		77637C642635FC3D009ECF05 /* DefaultUtil.swift */ = {isa = PBXFileReference; lastKnownFileType = sourcecode.swift; path = DefaultUtil.swift; sourceTree = "<group>"; };
		77637C662635FC5C009ECF05 /* Services.swift */ = {isa = PBXFileReference; lastKnownFileType = sourcecode.swift; path = Services.swift; sourceTree = "<group>"; };
		77637C692635FCA5009ECF05 /* BaseModel.swift */ = {isa = PBXFileReference; lastKnownFileType = sourcecode.swift; path = BaseModel.swift; sourceTree = "<group>"; };
		77637C6B2635FCB5009ECF05 /* Routerable.swift */ = {isa = PBXFileReference; lastKnownFileType = sourcecode.swift; path = Routerable.swift; sourceTree = "<group>"; };
		77637C6D2635FCDB009ECF05 /* Interactorable.swift */ = {isa = PBXFileReference; lastKnownFileType = sourcecode.swift; path = Interactorable.swift; sourceTree = "<group>"; };
		77637C6F2635FCEE009ECF05 /* Presenterable.swift */ = {isa = PBXFileReference; lastKnownFileType = sourcecode.swift; path = Presenterable.swift; sourceTree = "<group>"; };
		77637C712635FD02009ECF05 /* Viewable.swift */ = {isa = PBXFileReference; lastKnownFileType = sourcecode.swift; path = Viewable.swift; sourceTree = "<group>"; };
		77637C732635FD1D009ECF05 /* BaseModelError.swift */ = {isa = PBXFileReference; lastKnownFileType = sourcecode.swift; path = BaseModelError.swift; sourceTree = "<group>"; };
		77637C752635FD34009ECF05 /* BaseInteractor.swift */ = {isa = PBXFileReference; lastKnownFileType = sourcecode.swift; path = BaseInteractor.swift; sourceTree = "<group>"; };
		77637C772635FD79009ECF05 /* SplashViewController.swift */ = {isa = PBXFileReference; lastKnownFileType = sourcecode.swift; path = SplashViewController.swift; sourceTree = "<group>"; };
		77637C792635FE4B009ECF05 /* SplashPresenter.swift */ = {isa = PBXFileReference; lastKnownFileType = sourcecode.swift; path = SplashPresenter.swift; sourceTree = "<group>"; };
		77637C7B2635FECF009ECF05 /* SplashInteractor.swift */ = {isa = PBXFileReference; lastKnownFileType = sourcecode.swift; path = SplashInteractor.swift; sourceTree = "<group>"; };
		77637C7D2635FF04009ECF05 /* SplashEntities.swift */ = {isa = PBXFileReference; lastKnownFileType = sourcecode.swift; path = SplashEntities.swift; sourceTree = "<group>"; };
		77637C7F2635FF21009ECF05 /* SplashRouter.swift */ = {isa = PBXFileReference; lastKnownFileType = sourcecode.swift; path = SplashRouter.swift; sourceTree = "<group>"; };
		77637C812636C041009ECF05 /* RocketsResponseModel.swift */ = {isa = PBXFileReference; lastKnownFileType = sourcecode.swift; path = RocketsResponseModel.swift; sourceTree = "<group>"; };
		77637C862636C28A009ECF05 /* en */ = {isa = PBXFileReference; lastKnownFileType = text.plist.strings; name = en; path = en.lproj/Localizable.strings; sourceTree = "<group>"; };
		77637C882636C2C5009ECF05 /* tr */ = {isa = PBXFileReference; lastKnownFileType = text.plist.strings; name = tr; path = tr.lproj/Localizable.strings; sourceTree = "<group>"; };
		77637C8A2636C3F8009ECF05 /* HomeViewController.swift */ = {isa = PBXFileReference; lastKnownFileType = sourcecode.swift; path = HomeViewController.swift; sourceTree = "<group>"; };
		77637C8C2636C401009ECF05 /* HomePresenter.swift */ = {isa = PBXFileReference; lastKnownFileType = sourcecode.swift; path = HomePresenter.swift; sourceTree = "<group>"; };
		77637C8E2636C40B009ECF05 /* HomeInteractor.swift */ = {isa = PBXFileReference; lastKnownFileType = sourcecode.swift; path = HomeInteractor.swift; sourceTree = "<group>"; };
		77637C902636C418009ECF05 /* HomeEntities.swift */ = {isa = PBXFileReference; lastKnownFileType = sourcecode.swift; path = HomeEntities.swift; sourceTree = "<group>"; };
		77637C922636C421009ECF05 /* HomeRouter.swift */ = {isa = PBXFileReference; lastKnownFileType = sourcecode.swift; path = HomeRouter.swift; sourceTree = "<group>"; };
		77637C952636C594009ECF05 /* RootRouter.swift */ = {isa = PBXFileReference; lastKnownFileType = sourcecode.swift; path = RootRouter.swift; sourceTree = "<group>"; };
		77637C992636CADB009ECF05 /* UpcomingsViewController.swift */ = {isa = PBXFileReference; lastKnownFileType = sourcecode.swift; path = UpcomingsViewController.swift; sourceTree = "<group>"; };
		77637C9B2636CAE5009ECF05 /* UpcomingsPresenter.swift */ = {isa = PBXFileReference; lastKnownFileType = sourcecode.swift; path = UpcomingsPresenter.swift; sourceTree = "<group>"; };
		77637C9D2636CAEF009ECF05 /* UpcomingsInteractor.swift */ = {isa = PBXFileReference; lastKnownFileType = sourcecode.swift; path = UpcomingsInteractor.swift; sourceTree = "<group>"; };
		77637C9F2636CAF9009ECF05 /* UpcomingsEntities.swift */ = {isa = PBXFileReference; lastKnownFileType = sourcecode.swift; path = UpcomingsEntities.swift; sourceTree = "<group>"; };
		77637CA12636CB02009ECF05 /* UpcomingsRouter.swift */ = {isa = PBXFileReference; lastKnownFileType = sourcecode.swift; path = UpcomingsRouter.swift; sourceTree = "<group>"; };
		77637CA32636CB10009ECF05 /* FavoritesViewController.swift */ = {isa = PBXFileReference; lastKnownFileType = sourcecode.swift; path = FavoritesViewController.swift; sourceTree = "<group>"; };
		77637CA52636CB1A009ECF05 /* FavoritesPresenter.swift */ = {isa = PBXFileReference; lastKnownFileType = sourcecode.swift; path = FavoritesPresenter.swift; sourceTree = "<group>"; };
		77637CA72636CB24009ECF05 /* FavoritesInteractor.swift */ = {isa = PBXFileReference; lastKnownFileType = sourcecode.swift; path = FavoritesInteractor.swift; sourceTree = "<group>"; };
		77637CA92636CB30009ECF05 /* FavoritesEntities.swift */ = {isa = PBXFileReference; lastKnownFileType = sourcecode.swift; path = FavoritesEntities.swift; sourceTree = "<group>"; };
		77637CAB2636CB3C009ECF05 /* FavoritesRouter.swift */ = {isa = PBXFileReference; lastKnownFileType = sourcecode.swift; path = FavoritesRouter.swift; sourceTree = "<group>"; };
		77637CB02636CFCB009ECF05 /* BasePresenter.swift */ = {isa = PBXFileReference; lastKnownFileType = sourcecode.swift; path = BasePresenter.swift; sourceTree = "<group>"; };
		77637CB32636EC0F009ECF05 /* CustomTabBarController.swift */ = {isa = PBXFileReference; lastKnownFileType = sourcecode.swift; path = CustomTabBarController.swift; sourceTree = "<group>"; };
		77637CC426375338009ECF05 /* NextLaunchResponse.swift */ = {isa = PBXFileReference; lastKnownFileType = sourcecode.swift; path = NextLaunchResponse.swift; sourceTree = "<group>"; };
		B4727B3EC1B19DFD4FF9F710 /* Pods_SpaceX_Fan.framework */ = {isa = PBXFileReference; explicitFileType = wrapper.framework; includeInIndex = 0; path = Pods_SpaceX_Fan.framework; sourceTree = BUILT_PRODUCTS_DIR; };
		C7EBC5FA7824EECD458050BA /* Pods-SpaceX Fan.debug.xcconfig */ = {isa = PBXFileReference; includeInIndex = 1; lastKnownFileType = text.xcconfig; name = "Pods-SpaceX Fan.debug.xcconfig"; path = "Target Support Files/Pods-SpaceX Fan/Pods-SpaceX Fan.debug.xcconfig"; sourceTree = "<group>"; };
/* End PBXFileReference section */

/* Begin PBXFrameworksBuildPhase section */
		77637C302635F0E0009ECF05 /* Frameworks */ = {
			isa = PBXFrameworksBuildPhase;
			buildActionMask = 2147483647;
			files = (
				F245D45E4F1D090EA3618AE4 /* Pods_SpaceX_Fan.framework in Frameworks */,
			);
			runOnlyForDeploymentPostprocessing = 0;
		};
/* End PBXFrameworksBuildPhase section */

/* Begin PBXGroup section */
		3D803CE8A9FB7403ACAB4BF0 /* Pods */ = {
			isa = PBXGroup;
			children = (
				C7EBC5FA7824EECD458050BA /* Pods-SpaceX Fan.debug.xcconfig */,
				42A1E47C03981721F94BDB4C /* Pods-SpaceX Fan.release.xcconfig */,
			);
			path = Pods;
			sourceTree = "<group>";
		};
		77637C2A2635F0E0009ECF05 = {
			isa = PBXGroup;
			children = (
				77637C352635F0E0009ECF05 /* SpaceX Fan */,
				77637C342635F0E0009ECF05 /* Products */,
				3D803CE8A9FB7403ACAB4BF0 /* Pods */,
				D84BE7D26FF52946097460CC /* Frameworks */,
			);
			sourceTree = "<group>";
		};
		77637C342635F0E0009ECF05 /* Products */ = {
			isa = PBXGroup;
			children = (
				77637C332635F0E0009ECF05 /* SpaceX Fan.app */,
			);
			name = Products;
			sourceTree = "<group>";
		};
		77637C352635F0E0009ECF05 /* SpaceX Fan */ = {
			isa = PBXGroup;
			children = (
				77637C362635F0E0009ECF05 /* AppDelegate.swift */,
				77637C562635F203009ECF05 /* Extensions */,
				77637C552635F1FD009ECF05 /* Enums */,
				77637C542635F1F9009ECF05 /* Utils */,
				77637C532635F1F1009ECF05 /* Services */,
				77637C522635F1EC009ECF05 /* Protocols */,
				77637C512635F1E8009ECF05 /* Base */,
				77637C502635F1DD009ECF05 /* TableViewSources */,
				77637C4E2635F1CF009ECF05 /* TableViewCells */,
				77637C4D2635F1C5009ECF05 /* CollectionViewSources */,
				77637C4C2635F1BD009ECF05 /* CollectionViewCells */,
				77637CB22636EBAC009ECF05 /* CustomViews */,
				77637C4B2635F1B5009ECF05 /* Screens */,
				77637C4A2635F1AF009ECF05 /* Resources */,
				77637C442635F0E4009ECF05 /* Info.plist */,
			);
			path = "SpaceX Fan";
			sourceTree = "<group>";
		};
		77637C4A2635F1AF009ECF05 /* Resources */ = {
			isa = PBXGroup;
			children = (
				77637C3F2635F0E4009ECF05 /* Assets.xcassets */,
				77637C412635F0E4009ECF05 /* LaunchScreen.storyboard */,
				77637C872636C28A009ECF05 /* Localizable.strings */,
			);
			path = Resources;
			sourceTree = "<group>";
		};
		77637C4B2635F1B5009ECF05 /* Screens */ = {
			isa = PBXGroup;
			children = (
				77637C982636CAC5009ECF05 /* Upcomings */,
				77637C972636CABF009ECF05 /* Favorites */,
				77637C892636C3C9009ECF05 /* Home */,
				77637C942636C585009ECF05 /* Root */,
				77637C572635F251009ECF05 /* Splash */,
			);
			path = Screens;
			sourceTree = "<group>";
		};
		77637C4C2635F1BD009ECF05 /* CollectionViewCells */ = {
			isa = PBXGroup;
			children = (
			);
			path = CollectionViewCells;
			sourceTree = "<group>";
		};
		77637C4D2635F1C5009ECF05 /* CollectionViewSources */ = {
			isa = PBXGroup;
			children = (
			);
			path = CollectionViewSources;
			sourceTree = "<group>";
		};
		77637C4E2635F1CF009ECF05 /* TableViewCells */ = {
			isa = PBXGroup;
			children = (
			);
			path = TableViewCells;
			sourceTree = "<group>";
		};
		77637C502635F1DD009ECF05 /* TableViewSources */ = {
			isa = PBXGroup;
			children = (
			);
			path = TableViewSources;
			sourceTree = "<group>";
		};
		77637C512635F1E8009ECF05 /* Base */ = {
			isa = PBXGroup;
			children = (
				77637C732635FD1D009ECF05 /* BaseModelError.swift */,
				77637C752635FD34009ECF05 /* BaseInteractor.swift */,
				77637CB02636CFCB009ECF05 /* BasePresenter.swift */,
			);
			path = Base;
			sourceTree = "<group>";
		};
		77637C522635F1EC009ECF05 /* Protocols */ = {
			isa = PBXGroup;
			children = (
				77637C6B2635FCB5009ECF05 /* Routerable.swift */,
				77637C6D2635FCDB009ECF05 /* Interactorable.swift */,
				77637C6F2635FCEE009ECF05 /* Presenterable.swift */,
				77637C712635FD02009ECF05 /* Viewable.swift */,
			);
			path = Protocols;
			sourceTree = "<group>";
		};
		77637C532635F1F1009ECF05 /* Services */ = {
			isa = PBXGroup;
			children = (
				77637C662635FC5C009ECF05 /* Services.swift */,
				77637C682635FC93009ECF05 /* Entities */,
			);
			path = Services;
			sourceTree = "<group>";
		};
		77637C542635F1F9009ECF05 /* Utils */ = {
			isa = PBXGroup;
			children = (
				77637C5E2635FBEE009ECF05 /* AlertUtil.swift */,
				77637C602635FC04009ECF05 /* UserDefaultsUtil.swift */,
				77637C622635FC1C009ECF05 /* APIErrorGenerator.swift */,
				77637C642635FC3D009ECF05 /* DefaultUtil.swift */,
			);
			path = Utils;
			sourceTree = "<group>";
		};
		77637C552635F1FD009ECF05 /* Enums */ = {
			isa = PBXGroup;
			children = (
				77637C5A2635FBC6009ECF05 /* APIStatusCodes.swift */,
				77637C5C2635FBD6009ECF05 /* APIErrors.swift */,
			);
			path = Enums;
			sourceTree = "<group>";
		};
		77637C562635F203009ECF05 /* Extensions */ = {
			isa = PBXGroup;
			children = (
				77637C582635FB8C009ECF05 /* UIView+Extensions.swift */,
			);
			path = Extensions;
			sourceTree = "<group>";
		};
		77637C572635F251009ECF05 /* Splash */ = {
			isa = PBXGroup;
			children = (
				77637C772635FD79009ECF05 /* SplashViewController.swift */,
				77637C792635FE4B009ECF05 /* SplashPresenter.swift */,
				77637C7B2635FECF009ECF05 /* SplashInteractor.swift */,
				77637C7D2635FF04009ECF05 /* SplashEntities.swift */,
				77637C7F2635FF21009ECF05 /* SplashRouter.swift */,
			);
			path = Splash;
			sourceTree = "<group>";
		};
		77637C682635FC93009ECF05 /* Entities */ = {
			isa = PBXGroup;
			children = (
				77637C692635FCA5009ECF05 /* BaseModel.swift */,
				77637C812636C041009ECF05 /* RocketsResponseModel.swift */,
				77637CC426375338009ECF05 /* NextLaunchResponse.swift */,
			);
			path = Entities;
			sourceTree = "<group>";
		};
		77637C892636C3C9009ECF05 /* Home */ = {
			isa = PBXGroup;
			children = (
				77637C8A2636C3F8009ECF05 /* HomeViewController.swift */,
				77637C8C2636C401009ECF05 /* HomePresenter.swift */,
				77637C8E2636C40B009ECF05 /* HomeInteractor.swift */,
				77637C902636C418009ECF05 /* HomeEntities.swift */,
				77637C922636C421009ECF05 /* HomeRouter.swift */,
			);
			path = Home;
			sourceTree = "<group>";
		};
		77637C942636C585009ECF05 /* Root */ = {
			isa = PBXGroup;
			children = (
				77637C952636C594009ECF05 /* RootRouter.swift */,
			);
			path = Root;
			sourceTree = "<group>";
		};
		77637C972636CABF009ECF05 /* Favorites */ = {
			isa = PBXGroup;
			children = (
				77637CA32636CB10009ECF05 /* FavoritesViewController.swift */,
				77637CA52636CB1A009ECF05 /* FavoritesPresenter.swift */,
				77637CA72636CB24009ECF05 /* FavoritesInteractor.swift */,
				77637CA92636CB30009ECF05 /* FavoritesEntities.swift */,
				77637CAB2636CB3C009ECF05 /* FavoritesRouter.swift */,
			);
			path = Favorites;
			sourceTree = "<group>";
		};
		77637C982636CAC5009ECF05 /* Upcomings */ = {
			isa = PBXGroup;
			children = (
				77637C992636CADB009ECF05 /* UpcomingsViewController.swift */,
				77637C9B2636CAE5009ECF05 /* UpcomingsPresenter.swift */,
				77637C9D2636CAEF009ECF05 /* UpcomingsInteractor.swift */,
				77637C9F2636CAF9009ECF05 /* UpcomingsEntities.swift */,
				77637CA12636CB02009ECF05 /* UpcomingsRouter.swift */,
			);
			path = Upcomings;
			sourceTree = "<group>";
		};
		77637CB22636EBAC009ECF05 /* CustomViews */ = {
			isa = PBXGroup;
			children = (
				77637CB32636EC0F009ECF05 /* CustomTabBarController.swift */,
			);
			path = CustomViews;
			sourceTree = "<group>";
		};
		D84BE7D26FF52946097460CC /* Frameworks */ = {
			isa = PBXGroup;
			children = (
				B4727B3EC1B19DFD4FF9F710 /* Pods_SpaceX_Fan.framework */,
			);
			name = Frameworks;
			sourceTree = "<group>";
		};
/* End PBXGroup section */

/* Begin PBXNativeTarget section */
		77637C322635F0E0009ECF05 /* SpaceX Fan */ = {
			isa = PBXNativeTarget;
			buildConfigurationList = 77637C472635F0E4009ECF05 /* Build configuration list for PBXNativeTarget "SpaceX Fan" */;
			buildPhases = (
				7B66B5A7A1C07E48E641B5B9 /* [CP] Check Pods Manifest.lock */,
				77637C2F2635F0E0009ECF05 /* Sources */,
				77637C302635F0E0009ECF05 /* Frameworks */,
				77637C312635F0E0009ECF05 /* Resources */,
				98D80CA39F0E9AC6797A090C /* [CP] Embed Pods Frameworks */,
			);
			buildRules = (
			);
			dependencies = (
			);
			name = "SpaceX Fan";
			productName = "SpaceX Fan";
			productReference = 77637C332635F0E0009ECF05 /* SpaceX Fan.app */;
			productType = "com.apple.product-type.application";
		};
/* End PBXNativeTarget section */

/* Begin PBXProject section */
		77637C2B2635F0E0009ECF05 /* Project object */ = {
			isa = PBXProject;
			attributes = {
				LastSwiftUpdateCheck = 1250;
				LastUpgradeCheck = 1250;
				TargetAttributes = {
					77637C322635F0E0009ECF05 = {
						CreatedOnToolsVersion = 12.5;
					};
				};
			};
			buildConfigurationList = 77637C2E2635F0E0009ECF05 /* Build configuration list for PBXProject "SpaceX Fan" */;
			compatibilityVersion = "Xcode 9.3";
			developmentRegion = en;
			hasScannedForEncodings = 0;
			knownRegions = (
				en,
				Base,
				tr,
			);
			mainGroup = 77637C2A2635F0E0009ECF05;
			productRefGroup = 77637C342635F0E0009ECF05 /* Products */;
			projectDirPath = "";
			projectRoot = "";
			targets = (
				77637C322635F0E0009ECF05 /* SpaceX Fan */,
			);
		};
/* End PBXProject section */

/* Begin PBXResourcesBuildPhase section */
		77637C312635F0E0009ECF05 /* Resources */ = {
			isa = PBXResourcesBuildPhase;
			buildActionMask = 2147483647;
			files = (
				77637C432635F0E4009ECF05 /* LaunchScreen.storyboard in Resources */,
				77637C852636C28A009ECF05 /* Localizable.strings in Resources */,
				77637C402635F0E4009ECF05 /* Assets.xcassets in Resources */,
			);
			runOnlyForDeploymentPostprocessing = 0;
		};
/* End PBXResourcesBuildPhase section */

/* Begin PBXShellScriptBuildPhase section */
		7B66B5A7A1C07E48E641B5B9 /* [CP] Check Pods Manifest.lock */ = {
			isa = PBXShellScriptBuildPhase;
			buildActionMask = 2147483647;
			files = (
			);
			inputFileListPaths = (
			);
			inputPaths = (
				"${PODS_PODFILE_DIR_PATH}/Podfile.lock",
				"${PODS_ROOT}/Manifest.lock",
			);
			name = "[CP] Check Pods Manifest.lock";
			outputFileListPaths = (
			);
			outputPaths = (
				"$(DERIVED_FILE_DIR)/Pods-SpaceX Fan-checkManifestLockResult.txt",
			);
			runOnlyForDeploymentPostprocessing = 0;
			shellPath = /bin/sh;
			shellScript = "diff \"${PODS_PODFILE_DIR_PATH}/Podfile.lock\" \"${PODS_ROOT}/Manifest.lock\" > /dev/null\nif [ $? != 0 ] ; then\n    # print error to STDERR\n    echo \"error: The sandbox is not in sync with the Podfile.lock. Run 'pod install' or update your CocoaPods installation.\" >&2\n    exit 1\nfi\n# This output is used by Xcode 'outputs' to avoid re-running this script phase.\necho \"SUCCESS\" > \"${SCRIPT_OUTPUT_FILE_0}\"\n";
			showEnvVarsInLog = 0;
		};
		98D80CA39F0E9AC6797A090C /* [CP] Embed Pods Frameworks */ = {
			isa = PBXShellScriptBuildPhase;
			buildActionMask = 2147483647;
			files = (
			);
			inputFileListPaths = (
				"${PODS_ROOT}/Target Support Files/Pods-SpaceX Fan/Pods-SpaceX Fan-frameworks-${CONFIGURATION}-input-files.xcfilelist",
			);
			name = "[CP] Embed Pods Frameworks";
			outputFileListPaths = (
				"${PODS_ROOT}/Target Support Files/Pods-SpaceX Fan/Pods-SpaceX Fan-frameworks-${CONFIGURATION}-output-files.xcfilelist",
			);
			runOnlyForDeploymentPostprocessing = 0;
			shellPath = /bin/sh;
			shellScript = "\"${PODS_ROOT}/Target Support Files/Pods-SpaceX Fan/Pods-SpaceX Fan-frameworks.sh\"\n";
			showEnvVarsInLog = 0;
		};
/* End PBXShellScriptBuildPhase section */

/* Begin PBXSourcesBuildPhase section */
		77637C2F2635F0E0009ECF05 /* Sources */ = {
			isa = PBXSourcesBuildPhase;
			buildActionMask = 2147483647;
			files = (
				77637C722635FD02009ECF05 /* Viewable.swift in Sources */,
				77637C592635FB8C009ECF05 /* UIView+Extensions.swift in Sources */,
				77637CB42636EC0F009ECF05 /* CustomTabBarController.swift in Sources */,
				77637C632635FC1C009ECF05 /* APIErrorGenerator.swift in Sources */,
				77637C782635FD79009ECF05 /* SplashViewController.swift in Sources */,
				77637CAA2636CB30009ECF05 /* FavoritesEntities.swift in Sources */,
				77637C962636C594009ECF05 /* RootRouter.swift in Sources */,
				77637C742635FD1D009ECF05 /* BaseModelError.swift in Sources */,
				77637C5D2635FBD6009ECF05 /* APIErrors.swift in Sources */,
				77637C8B2636C3F8009ECF05 /* HomeViewController.swift in Sources */,
				77637CA42636CB10009ECF05 /* FavoritesViewController.swift in Sources */,
				77637CA22636CB02009ECF05 /* UpcomingsRouter.swift in Sources */,
				77637C762635FD34009ECF05 /* BaseInteractor.swift in Sources */,
				77637C8F2636C40B009ECF05 /* HomeInteractor.swift in Sources */,
				77637C702635FCEE009ECF05 /* Presenterable.swift in Sources */,
				77637C6C2635FCB5009ECF05 /* Routerable.swift in Sources */,
				77637CA02636CAF9009ECF05 /* UpcomingsEntities.swift in Sources */,
				77637C5B2635FBC6009ECF05 /* APIStatusCodes.swift in Sources */,
				77637C7C2635FECF009ECF05 /* SplashInteractor.swift in Sources */,
				77637C7E2635FF04009ECF05 /* SplashEntities.swift in Sources */,
				77637C822636C041009ECF05 /* RocketsResponseModel.swift in Sources */,
				77637CC526375338009ECF05 /* NextLaunchResponse.swift in Sources */,
				77637C6A2635FCA5009ECF05 /* BaseModel.swift in Sources */,
				77637CA62636CB1A009ECF05 /* FavoritesPresenter.swift in Sources */,
				77637CAC2636CB3C009ECF05 /* FavoritesRouter.swift in Sources */,
				77637C8D2636C401009ECF05 /* HomePresenter.swift in Sources */,
				77637C5F2635FBEE009ECF05 /* AlertUtil.swift in Sources */,
				77637C612635FC04009ECF05 /* UserDefaultsUtil.swift in Sources */,
				77637C9A2636CADB009ECF05 /* UpcomingsViewController.swift in Sources */,
				77637C372635F0E0009ECF05 /* AppDelegate.swift in Sources */,
				77637C802635FF21009ECF05 /* SplashRouter.swift in Sources */,
				77637C9E2636CAEF009ECF05 /* UpcomingsInteractor.swift in Sources */,
				77637C672635FC5C009ECF05 /* Services.swift in Sources */,
				77637C9C2636CAE5009ECF05 /* UpcomingsPresenter.swift in Sources */,
				77637CA82636CB24009ECF05 /* FavoritesInteractor.swift in Sources */,
				77637C6E2635FCDB009ECF05 /* Interactorable.swift in Sources */,
				77637CB12636CFCB009ECF05 /* BasePresenter.swift in Sources */,
				77637C912636C418009ECF05 /* HomeEntities.swift in Sources */,
				77637C652635FC3D009ECF05 /* DefaultUtil.swift in Sources */,
				77637C932636C421009ECF05 /* HomeRouter.swift in Sources */,
				77637C7A2635FE4B009ECF05 /* SplashPresenter.swift in Sources */,
			);
			runOnlyForDeploymentPostprocessing = 0;
		};
/* End PBXSourcesBuildPhase section */

/* Begin PBXVariantGroup section */
		77637C412635F0E4009ECF05 /* LaunchScreen.storyboard */ = {
			isa = PBXVariantGroup;
			children = (
				77637C422635F0E4009ECF05 /* Base */,
			);
			name = LaunchScreen.storyboard;
			sourceTree = "<group>";
		};
		77637C872636C28A009ECF05 /* Localizable.strings */ = {
			isa = PBXVariantGroup;
			children = (
				77637C862636C28A009ECF05 /* en */,
				77637C882636C2C5009ECF05 /* tr */,
			);
			name = Localizable.strings;
			sourceTree = "<group>";
		};
/* End PBXVariantGroup section */

/* Begin XCBuildConfiguration section */
		77637C452635F0E4009ECF05 /* Debug */ = {
			isa = XCBuildConfiguration;
			buildSettings = {
				ALWAYS_SEARCH_USER_PATHS = NO;
				CLANG_ANALYZER_LOCALIZABILITY_NONLOCALIZED = YES;
				CLANG_ANALYZER_NONNULL = YES;
				CLANG_ANALYZER_NUMBER_OBJECT_CONVERSION = YES_AGGRESSIVE;
				CLANG_CXX_LANGUAGE_STANDARD = "gnu++14";
				CLANG_CXX_LIBRARY = "libc++";
				CLANG_ENABLE_MODULES = YES;
				CLANG_ENABLE_OBJC_ARC = YES;
				CLANG_ENABLE_OBJC_WEAK = YES;
				CLANG_WARN_BLOCK_CAPTURE_AUTORELEASING = YES;
				CLANG_WARN_BOOL_CONVERSION = YES;
				CLANG_WARN_COMMA = YES;
				CLANG_WARN_CONSTANT_CONVERSION = YES;
				CLANG_WARN_DEPRECATED_OBJC_IMPLEMENTATIONS = YES;
				CLANG_WARN_DIRECT_OBJC_ISA_USAGE = YES_ERROR;
				CLANG_WARN_DOCUMENTATION_COMMENTS = YES;
				CLANG_WARN_EMPTY_BODY = YES;
				CLANG_WARN_ENUM_CONVERSION = YES;
				CLANG_WARN_INFINITE_RECURSION = YES;
				CLANG_WARN_INT_CONVERSION = YES;
				CLANG_WARN_NON_LITERAL_NULL_CONVERSION = YES;
				CLANG_WARN_OBJC_IMPLICIT_RETAIN_SELF = YES;
				CLANG_WARN_OBJC_LITERAL_CONVERSION = YES;
				CLANG_WARN_OBJC_ROOT_CLASS = YES_ERROR;
				CLANG_WARN_QUOTED_INCLUDE_IN_FRAMEWORK_HEADER = YES;
				CLANG_WARN_RANGE_LOOP_ANALYSIS = YES;
				CLANG_WARN_STRICT_PROTOTYPES = YES;
				CLANG_WARN_SUSPICIOUS_MOVE = YES;
				CLANG_WARN_UNGUARDED_AVAILABILITY = YES_AGGRESSIVE;
				CLANG_WARN_UNREACHABLE_CODE = YES;
				CLANG_WARN__DUPLICATE_METHOD_MATCH = YES;
				COPY_PHASE_STRIP = NO;
				DEBUG_INFORMATION_FORMAT = dwarf;
				ENABLE_STRICT_OBJC_MSGSEND = YES;
				ENABLE_TESTABILITY = YES;
				GCC_C_LANGUAGE_STANDARD = gnu11;
				GCC_DYNAMIC_NO_PIC = NO;
				GCC_NO_COMMON_BLOCKS = YES;
				GCC_OPTIMIZATION_LEVEL = 0;
				GCC_PREPROCESSOR_DEFINITIONS = (
					"DEBUG=1",
					"$(inherited)",
				);
				GCC_WARN_64_TO_32_BIT_CONVERSION = YES;
				GCC_WARN_ABOUT_RETURN_TYPE = YES_ERROR;
				GCC_WARN_UNDECLARED_SELECTOR = YES;
				GCC_WARN_UNINITIALIZED_AUTOS = YES_AGGRESSIVE;
				GCC_WARN_UNUSED_FUNCTION = YES;
				GCC_WARN_UNUSED_VARIABLE = YES;
				IPHONEOS_DEPLOYMENT_TARGET = 11.0;
				MTL_ENABLE_DEBUG_INFO = INCLUDE_SOURCE;
				MTL_FAST_MATH = YES;
				ONLY_ACTIVE_ARCH = YES;
				SDKROOT = iphoneos;
				SWIFT_ACTIVE_COMPILATION_CONDITIONS = DEBUG;
				SWIFT_OPTIMIZATION_LEVEL = "-Onone";
			};
			name = Debug;
		};
		77637C462635F0E4009ECF05 /* Release */ = {
			isa = XCBuildConfiguration;
			buildSettings = {
				ALWAYS_SEARCH_USER_PATHS = NO;
				CLANG_ANALYZER_LOCALIZABILITY_NONLOCALIZED = YES;
				CLANG_ANALYZER_NONNULL = YES;
				CLANG_ANALYZER_NUMBER_OBJECT_CONVERSION = YES_AGGRESSIVE;
				CLANG_CXX_LANGUAGE_STANDARD = "gnu++14";
				CLANG_CXX_LIBRARY = "libc++";
				CLANG_ENABLE_MODULES = YES;
				CLANG_ENABLE_OBJC_ARC = YES;
				CLANG_ENABLE_OBJC_WEAK = YES;
				CLANG_WARN_BLOCK_CAPTURE_AUTORELEASING = YES;
				CLANG_WARN_BOOL_CONVERSION = YES;
				CLANG_WARN_COMMA = YES;
				CLANG_WARN_CONSTANT_CONVERSION = YES;
				CLANG_WARN_DEPRECATED_OBJC_IMPLEMENTATIONS = YES;
				CLANG_WARN_DIRECT_OBJC_ISA_USAGE = YES_ERROR;
				CLANG_WARN_DOCUMENTATION_COMMENTS = YES;
				CLANG_WARN_EMPTY_BODY = YES;
				CLANG_WARN_ENUM_CONVERSION = YES;
				CLANG_WARN_INFINITE_RECURSION = YES;
				CLANG_WARN_INT_CONVERSION = YES;
				CLANG_WARN_NON_LITERAL_NULL_CONVERSION = YES;
				CLANG_WARN_OBJC_IMPLICIT_RETAIN_SELF = YES;
				CLANG_WARN_OBJC_LITERAL_CONVERSION = YES;
				CLANG_WARN_OBJC_ROOT_CLASS = YES_ERROR;
				CLANG_WARN_QUOTED_INCLUDE_IN_FRAMEWORK_HEADER = YES;
				CLANG_WARN_RANGE_LOOP_ANALYSIS = YES;
				CLANG_WARN_STRICT_PROTOTYPES = YES;
				CLANG_WARN_SUSPICIOUS_MOVE = YES;
				CLANG_WARN_UNGUARDED_AVAILABILITY = YES_AGGRESSIVE;
				CLANG_WARN_UNREACHABLE_CODE = YES;
				CLANG_WARN__DUPLICATE_METHOD_MATCH = YES;
				COPY_PHASE_STRIP = NO;
				DEBUG_INFORMATION_FORMAT = "dwarf-with-dsym";
				ENABLE_NS_ASSERTIONS = NO;
				ENABLE_STRICT_OBJC_MSGSEND = YES;
				GCC_C_LANGUAGE_STANDARD = gnu11;
				GCC_NO_COMMON_BLOCKS = YES;
				GCC_WARN_64_TO_32_BIT_CONVERSION = YES;
				GCC_WARN_ABOUT_RETURN_TYPE = YES_ERROR;
				GCC_WARN_UNDECLARED_SELECTOR = YES;
				GCC_WARN_UNINITIALIZED_AUTOS = YES_AGGRESSIVE;
				GCC_WARN_UNUSED_FUNCTION = YES;
				GCC_WARN_UNUSED_VARIABLE = YES;
				IPHONEOS_DEPLOYMENT_TARGET = 11.0;
				MTL_ENABLE_DEBUG_INFO = NO;
				MTL_FAST_MATH = YES;
				SDKROOT = iphoneos;
				SWIFT_COMPILATION_MODE = wholemodule;
				SWIFT_OPTIMIZATION_LEVEL = "-O";
				VALIDATE_PRODUCT = YES;
			};
			name = Release;
		};
		77637C482635F0E4009ECF05 /* Debug */ = {
			isa = XCBuildConfiguration;
			baseConfigurationReference = C7EBC5FA7824EECD458050BA /* Pods-SpaceX Fan.debug.xcconfig */;
			buildSettings = {
				ASSETCATALOG_COMPILER_APPICON_NAME = AppIcon;
				ASSETCATALOG_COMPILER_GLOBAL_ACCENT_COLOR_NAME = AccentColor;
				CODE_SIGN_STYLE = Automatic;
				DEVELOPMENT_TEAM = Q7Z427R5Y9;
				INFOPLIST_FILE = "SpaceX Fan/Info.plist";
				IPHONEOS_DEPLOYMENT_TARGET = 11.0;
				LD_RUNPATH_SEARCH_PATHS = (
					"$(inherited)",
					"@executable_path/Frameworks",
				);
				PRODUCT_BUNDLE_IDENTIFIER = tr.com.mobilist.spacexfan;
				PRODUCT_NAME = "$(TARGET_NAME)";
				SWIFT_VERSION = 5.0;
				TARGETED_DEVICE_FAMILY = "1,2";
			};
			name = Debug;
		};
		77637C492635F0E4009ECF05 /* Release */ = {
			isa = XCBuildConfiguration;
			baseConfigurationReference = 42A1E47C03981721F94BDB4C /* Pods-SpaceX Fan.release.xcconfig */;
			buildSettings = {
				ASSETCATALOG_COMPILER_APPICON_NAME = AppIcon;
				ASSETCATALOG_COMPILER_GLOBAL_ACCENT_COLOR_NAME = AccentColor;
				CODE_SIGN_STYLE = Automatic;
				DEVELOPMENT_TEAM = Q7Z427R5Y9;
				INFOPLIST_FILE = "SpaceX Fan/Info.plist";
				IPHONEOS_DEPLOYMENT_TARGET = 11.0;
				LD_RUNPATH_SEARCH_PATHS = (
					"$(inherited)",
					"@executable_path/Frameworks",
				);
				PRODUCT_BUNDLE_IDENTIFIER = tr.com.mobilist.spacexfan;
				PRODUCT_NAME = "$(TARGET_NAME)";
				SWIFT_VERSION = 5.0;
				TARGETED_DEVICE_FAMILY = "1,2";
			};
			name = Release;
		};
/* End XCBuildConfiguration section */

/* Begin XCConfigurationList section */
		77637C2E2635F0E0009ECF05 /* Build configuration list for PBXProject "SpaceX Fan" */ = {
			isa = XCConfigurationList;
			buildConfigurations = (
				77637C452635F0E4009ECF05 /* Debug */,
				77637C462635F0E4009ECF05 /* Release */,
			);
			defaultConfigurationIsVisible = 0;
			defaultConfigurationName = Release;
		};
		77637C472635F0E4009ECF05 /* Build configuration list for PBXNativeTarget "SpaceX Fan" */ = {
			isa = XCConfigurationList;
			buildConfigurations = (
				77637C482635F0E4009ECF05 /* Debug */,
				77637C492635F0E4009ECF05 /* Release */,
			);
			defaultConfigurationIsVisible = 0;
			defaultConfigurationName = Release;
		};
/* End XCConfigurationList section */
	};
	rootObject = 77637C2B2635F0E0009ECF05 /* Project object */;
}
